
Microsoft Visual Studio Solution File, Format Version 12.00
# Visual Studio 15
VisualStudioVersion = 15.0.26124.0
MinimumVisualStudioVersion = 15.0.26124.0
Project("{2150E333-8FDC-42A3-9474-1A3956D46DE8}") = "src", "src", "{52A8CB19-67C5-4FF9-B401-FFECF4487676}"
EndProject
Project("{2150E333-8FDC-42A3-9474-1A3956D46DE8}") = "api", "api", "{98998C65-5CC2-48DD-8C0C-7E610A915A9E}"
EndProject
Project("{FAE04EC0-301F-11D3-BF4B-00C04F79EFBC}") = "apiservice", "src\api\apiservice.csproj", "{0EA630FF-B51D-4F62-8027-7F8CC1FE6B13}"
EndProject
Global
	GlobalSection(SolutionConfigurationPlatforms) = preSolution
		Debug|Any CPU = Debug|Any CPU
		Debug|x64 = Debug|x64
		Debug|x86 = Debug|x86
		Release|Any CPU = Release|Any CPU
		Release|x64 = Release|x64
		Release|x86 = Release|x86
	EndGlobalSection
	GlobalSection(SolutionProperties) = preSolution
		HideSolutionNode = FALSE
	EndGlobalSection
	GlobalSection(NestedProjects) = preSolution
		{98998C65-5CC2-48DD-8C0C-7E610A915A9E} = {52A8CB19-67C5-4FF9-B401-FFECF4487676}
		{0EA630FF-B51D-4F62-8027-7F8CC1FE6B13} = {98998C65-5CC2-48DD-8C0C-7E610A915A9E}
	EndGlobalSection
EndGlobal
